
Microsoft Visual Studio Solution File, Format Version 12.00
# Visual Studio 15
VisualStudioVersion = 15.0.28307.779
MinimumVisualStudioVersion = 10.0.40219.1
Project("{2150E333-8FDC-42A3-9474-1A3956D46DE8}") = "Docs", "Docs", "{7D0F3C68-2CFA-4087-83D6-5890AE82BF60}"
EndProject
Project("{2150E333-8FDC-42A3-9474-1A3956D46DE8}") = "Src", "Src", "{49D68384-28A7-4CCE-86F1-AF0B76BED197}"
EndProject
Project("{2150E333-8FDC-42A3-9474-1A3956D46DE8}") = "Tests", "Tests", "{11CFE39F-B2A7-4526-8DFC-376AA77121A6}"
EndProject
Project("{9A19103F-16F7-4668-BE54-9A1E7A4F7556}") = "Telecom.Application.Tests", "Telecom.Application.Tests\Telecom.Application.Tests.csproj", "{0CC0CD6D-A667-48F1-B2F2-BDC09271BE8C}"
EndProject
Project("{9A19103F-16F7-4668-BE54-9A1E7A4F7556}") = "Telecom.Domain.Tests", "Telecom.Domain.Tests\Telecom.Domain.Tests.csproj", "{5CDEDD57-2BAD-4A23-AA1D-3CC93639816C}"
EndProject
Project("{2150E333-8FDC-42A3-9474-1A3956D46DE8}") = "Common", "Common", "{3B8ED84D-7E64-4E33-A03B-01288E1EF1DF}"
EndProject
Project("{2150E333-8FDC-42A3-9474-1A3956D46DE8}") = "Core", "Core", "{21AD090F-AB0F-4430-ABF5-886178DB3C47}"
EndProject
Project("{2150E333-8FDC-42A3-9474-1A3956D46DE8}") = "Infrastructure", "Infrastructure", "{4CF1CB21-EF1F-42DA-8D7A-25AF4C1CC79D}"
EndProject
Project("{2150E333-8FDC-42A3-9474-1A3956D46DE8}") = "Presentation", "Presentation", "{B44DA114-672B-4333-A90A-0449AAF163A3}"
EndProject
Project("{9A19103F-16F7-4668-BE54-9A1E7A4F7556}") = "Telecom.Common", "Telecom.Common\Telecom.Common.csproj", "{BC5107A7-3238-4CBF-8906-5BE283D52074}"
EndProject
Project("{9A19103F-16F7-4668-BE54-9A1E7A4F7556}") = "Telecom.Application", "Telecom.Application\Telecom.Application.csproj", "{C391291A-B708-41FC-8CAE-303485EE690D}"
EndProject
Project("{9A19103F-16F7-4668-BE54-9A1E7A4F7556}") = "Telecom.Domain", "Telecom.Domain\Telecom.Domain.csproj", "{51541586-4F82-4837-B3CB-7FE78F5FF6A6}"
EndProject
Project("{9A19103F-16F7-4668-BE54-9A1E7A4F7556}") = "Telecom.Persistence", "Telecom.Persistence\Telecom.Persistence.csproj", "{80B46DFE-5BB3-4B88-95EE-0C3D8709F753}"
EndProject
Project("{9A19103F-16F7-4668-BE54-9A1E7A4F7556}") = "Telecom.Infrastructure", "Telecom.Infrastructure\Telecom.Infrastructure.csproj", "{62F46F3C-4DD3-4F3B-81E1-729D4C5BA76B}"
EndProject
Project("{9A19103F-16F7-4668-BE54-9A1E7A4F7556}") = "Telecom.WebUI", "Telecom.WebUI\Telecom.WebUI.csproj", "{BA16E45A-01C9-429F-A9B8-F16F12364819}"
EndProject
Global
	GlobalSection(SolutionConfigurationPlatforms) = preSolution
		Debug|Any CPU = Debug|Any CPU
		Release|Any CPU = Release|Any CPU
	EndGlobalSection
	GlobalSection(ProjectConfigurationPlatforms) = postSolution
		{0CC0CD6D-A667-48F1-B2F2-BDC09271BE8C}.Debug|Any CPU.ActiveCfg = Debug|Any CPU
		{0CC0CD6D-A667-48F1-B2F2-BDC09271BE8C}.Debug|Any CPU.Build.0 = Debug|Any CPU
		{0CC0CD6D-A667-48F1-B2F2-BDC09271BE8C}.Release|Any CPU.ActiveCfg = Release|Any CPU
		{0CC0CD6D-A667-48F1-B2F2-BDC09271BE8C}.Release|Any CPU.Build.0 = Release|Any CPU
		{5CDEDD57-2BAD-4A23-AA1D-3CC93639816C}.Debug|Any CPU.ActiveCfg = Debug|Any CPU
		{5CDEDD57-2BAD-4A23-AA1D-3CC93639816C}.Debug|Any CPU.Build.0 = Debug|Any CPU
		{5CDEDD57-2BAD-4A23-AA1D-3CC93639816C}.Release|Any CPU.ActiveCfg = Release|Any CPU
		{5CDEDD57-2BAD-4A23-AA1D-3CC93639816C}.Release|Any CPU.Build.0 = Release|Any CPU
		{BC5107A7-3238-4CBF-8906-5BE283D52074}.Debug|Any CPU.ActiveCfg = Debug|Any CPU
		{BC5107A7-3238-4CBF-8906-5BE283D52074}.Debug|Any CPU.Build.0 = Debug|Any CPU
		{BC5107A7-3238-4CBF-8906-5BE283D52074}.Release|Any CPU.ActiveCfg = Release|Any CPU
		{BC5107A7-3238-4CBF-8906-5BE283D52074}.Release|Any CPU.Build.0 = Release|Any CPU
		{C391291A-B708-41FC-8CAE-303485EE690D}.Debug|Any CPU.ActiveCfg = Debug|Any CPU
		{C391291A-B708-41FC-8CAE-303485EE690D}.Debug|Any CPU.Build.0 = Debug|Any CPU
		{C391291A-B708-41FC-8CAE-303485EE690D}.Release|Any CPU.ActiveCfg = Release|Any CPU
		{C391291A-B708-41FC-8CAE-303485EE690D}.Release|Any CPU.Build.0 = Release|Any CPU
		{51541586-4F82-4837-B3CB-7FE78F5FF6A6}.Debug|Any CPU.ActiveCfg = Debug|Any CPU
		{51541586-4F82-4837-B3CB-7FE78F5FF6A6}.Debug|Any CPU.Build.0 = Debug|Any CPU
		{51541586-4F82-4837-B3CB-7FE78F5FF6A6}.Release|Any CPU.ActiveCfg = Release|Any CPU
		{51541586-4F82-4837-B3CB-7FE78F5FF6A6}.Release|Any CPU.Build.0 = Release|Any CPU
		{80B46DFE-5BB3-4B88-95EE-0C3D8709F753}.Debug|Any CPU.ActiveCfg = Debug|Any CPU
		{80B46DFE-5BB3-4B88-95EE-0C3D8709F753}.Debug|Any CPU.Build.0 = Debug|Any CPU
		{80B46DFE-5BB3-4B88-95EE-0C3D8709F753}.Release|Any CPU.ActiveCfg = Release|Any CPU
		{80B46DFE-5BB3-4B88-95EE-0C3D8709F753}.Release|Any CPU.Build.0 = Release|Any CPU
		{62F46F3C-4DD3-4F3B-81E1-729D4C5BA76B}.Debug|Any CPU.ActiveCfg = Debug|Any CPU
		{62F46F3C-4DD3-4F3B-81E1-729D4C5BA76B}.Debug|Any CPU.Build.0 = Debug|Any CPU
		{62F46F3C-4DD3-4F3B-81E1-729D4C5BA76B}.Release|Any CPU.ActiveCfg = Release|Any CPU
		{62F46F3C-4DD3-4F3B-81E1-729D4C5BA76B}.Release|Any CPU.Build.0 = Release|Any CPU
		{BA16E45A-01C9-429F-A9B8-F16F12364819}.Debug|Any CPU.ActiveCfg = Debug|Any CPU
		{BA16E45A-01C9-429F-A9B8-F16F12364819}.Debug|Any CPU.Build.0 = Debug|Any CPU
		{BA16E45A-01C9-429F-A9B8-F16F12364819}.Release|Any CPU.ActiveCfg = Release|Any CPU
		{BA16E45A-01C9-429F-A9B8-F16F12364819}.Release|Any CPU.Build.0 = Release|Any CPU
	EndGlobalSection
	GlobalSection(SolutionProperties) = preSolution
		HideSolutionNode = FALSE
	EndGlobalSection
	GlobalSection(NestedProjects) = preSolution
		{0CC0CD6D-A667-48F1-B2F2-BDC09271BE8C} = {11CFE39F-B2A7-4526-8DFC-376AA77121A6}
		{5CDEDD57-2BAD-4A23-AA1D-3CC93639816C} = {11CFE39F-B2A7-4526-8DFC-376AA77121A6}
		{3B8ED84D-7E64-4E33-A03B-01288E1EF1DF} = {49D68384-28A7-4CCE-86F1-AF0B76BED197}
		{21AD090F-AB0F-4430-ABF5-886178DB3C47} = {49D68384-28A7-4CCE-86F1-AF0B76BED197}
		{4CF1CB21-EF1F-42DA-8D7A-25AF4C1CC79D} = {49D68384-28A7-4CCE-86F1-AF0B76BED197}
		{B44DA114-672B-4333-A90A-0449AAF163A3} = {49D68384-28A7-4CCE-86F1-AF0B76BED197}
		{BC5107A7-3238-4CBF-8906-5BE283D52074} = {3B8ED84D-7E64-4E33-A03B-01288E1EF1DF}
		{C391291A-B708-41FC-8CAE-303485EE690D} = {21AD090F-AB0F-4430-ABF5-886178DB3C47}
		{51541586-4F82-4837-B3CB-7FE78F5FF6A6} = {21AD090F-AB0F-4430-ABF5-886178DB3C47}
		{80B46DFE-5BB3-4B88-95EE-0C3D8709F753} = {4CF1CB21-EF1F-42DA-8D7A-25AF4C1CC79D}
		{62F46F3C-4DD3-4F3B-81E1-729D4C5BA76B} = {4CF1CB21-EF1F-42DA-8D7A-25AF4C1CC79D}
		{BA16E45A-01C9-429F-A9B8-F16F12364819} = {B44DA114-672B-4333-A90A-0449AAF163A3}
	EndGlobalSection
	GlobalSection(ExtensibilityGlobals) = postSolution
		SolutionGuid = {66735E40-1EAE-4EA1-9A47-2BDFFDE63E34}
	EndGlobalSection
EndGlobal
